// !$*UTF8*$!
{
	archiveVersion = 1;
	classes = {
	};
	objectVersion = 46;
	objects = {

/* Begin PBXBuildFile section */
		D896C1D01AF1CA6100D5187C /* main.m in Sources */ = {isa = PBXBuildFile; fileRef = D896C1CF1AF1CA6100D5187C /* main.m */; };
		D896C1D31AF1CA6100D5187C /* AppDelegate.m in Sources */ = {isa = PBXBuildFile; fileRef = D896C1D21AF1CA6100D5187C /* AppDelegate.m */; };
		D896C1D61AF1CA6100D5187C /* ViewController.m in Sources */ = {isa = PBXBuildFile; fileRef = D896C1D51AF1CA6100D5187C /* ViewController.m */; };
		D896C1D91AF1CA6100D5187C /* Main.storyboard in Resources */ = {isa = PBXBuildFile; fileRef = D896C1D71AF1CA6100D5187C /* Main.storyboard */; };
		D896C1DB1AF1CA6100D5187C /* Images.xcassets in Resources */ = {isa = PBXBuildFile; fileRef = D896C1DA1AF1CA6100D5187C /* Images.xcassets */; };
		D896C1DE1AF1CA6100D5187C /* LaunchScreen.xib in Resources */ = {isa = PBXBuildFile; fileRef = D896C1DC1AF1CA6100D5187C /* LaunchScreen.xib */; };
		D896C1EA1AF1CA6100D5187C /* BTSDemoTests.m in Sources */ = {isa = PBXBuildFile; fileRef = D896C1E91AF1CA6100D5187C /* BTSDemoTests.m */; };
		D896C1F91AF1CA7D00D5187C /* pause-25.png in Resources */ = {isa = PBXBuildFile; fileRef = D896C1F31AF1CA7D00D5187C /* pause-25.png */; };
		D896C1FA1AF1CA7D00D5187C /* pause-25.png in Resources */ = {isa = PBXBuildFile; fileRef = D896C1F31AF1CA7D00D5187C /* pause-25.png */; };
		D896C1FB1AF1CA7D00D5187C /* pause-50.png in Resources */ = {isa = PBXBuildFile; fileRef = D896C1F41AF1CA7D00D5187C /* pause-50.png */; };
		D896C1FC1AF1CA7D00D5187C /* pause-50.png in Resources */ = {isa = PBXBuildFile; fileRef = D896C1F41AF1CA7D00D5187C /* pause-50.png */; };
		D896C1FD1AF1CA7D00D5187C /* play-25.png in Resources */ = {isa = PBXBuildFile; fileRef = D896C1F51AF1CA7D00D5187C /* play-25.png */; };
		D896C1FE1AF1CA7D00D5187C /* play-25.png in Resources */ = {isa = PBXBuildFile; fileRef = D896C1F51AF1CA7D00D5187C /* play-25.png */; };
		D896C1FF1AF1CA7D00D5187C /* play-50.png in Resources */ = {isa = PBXBuildFile; fileRef = D896C1F61AF1CA7D00D5187C /* play-50.png */; };
		D896C2001AF1CA7D00D5187C /* play-50.png in Resources */ = {isa = PBXBuildFile; fileRef = D896C1F61AF1CA7D00D5187C /* play-50.png */; };
		D896C2011AF1CA7D00D5187C /* stop-25.png in Resources */ = {isa = PBXBuildFile; fileRef = D896C1F71AF1CA7D00D5187C /* stop-25.png */; };
		D896C2021AF1CA7D00D5187C /* stop-25.png in Resources */ = {isa = PBXBuildFile; fileRef = D896C1F71AF1CA7D00D5187C /* stop-25.png */; };
		D896C2031AF1CA7D00D5187C /* stop-50.png in Resources */ = {isa = PBXBuildFile; fileRef = D896C1F81AF1CA7D00D5187C /* stop-50.png */; };
		D896C2041AF1CA7D00D5187C /* stop-50.png in Resources */ = {isa = PBXBuildFile; fileRef = D896C1F81AF1CA7D00D5187C /* stop-50.png */; };
		D896C2081AF1E67D00D5187C /* FileDownloadObject.m in Sources */ = {isa = PBXBuildFile; fileRef = D896C2071AF1E67D00D5187C /* FileDownloadObject.m */; };
		D896C2091AF1E67D00D5187C /* FileDownloadObject.m in Sources */ = {isa = PBXBuildFile; fileRef = D896C2071AF1E67D00D5187C /* FileDownloadObject.m */; };
/* End PBXBuildFile section */

/* Begin PBXContainerItemProxy section */
		D896C1E41AF1CA6100D5187C /* PBXContainerItemProxy */ = {
			isa = PBXContainerItemProxy;
			containerPortal = D896C1C21AF1CA6100D5187C /* Project object */;
			proxyType = 1;
			remoteGlobalIDString = D896C1C91AF1CA6100D5187C;
			remoteInfo = BTSDemo;
		};
/* End PBXContainerItemProxy section */

/* Begin PBXFileReference section */
		D896C1CA1AF1CA6100D5187C /* BTSDemo.app */ = {isa = PBXFileReference; explicitFileType = wrapper.application; includeInIndex = 0; path = BTSDemo.app; sourceTree = BUILT_PRODUCTS_DIR; };
		D896C1CE1AF1CA6100D5187C /* Info.plist */ = {isa = PBXFileReference; lastKnownFileType = text.plist.xml; path = Info.plist; sourceTree = "<group>"; };
		D896C1CF1AF1CA6100D5187C /* main.m */ = {isa = PBXFileReference; lastKnownFileType = sourcecode.c.objc; path = main.m; sourceTree = "<group>"; };
		D896C1D11AF1CA6100D5187C /* AppDelegate.h */ = {isa = PBXFileReference; lastKnownFileType = sourcecode.c.h; path = AppDelegate.h; sourceTree = "<group>"; };
		D896C1D21AF1CA6100D5187C /* AppDelegate.m */ = {isa = PBXFileReference; lastKnownFileType = sourcecode.c.objc; path = AppDelegate.m; sourceTree = "<group>"; };
		D896C1D41AF1CA6100D5187C /* ViewController.h */ = {isa = PBXFileReference; lastKnownFileType = sourcecode.c.h; path = ViewController.h; sourceTree = "<group>"; };
		D896C1D51AF1CA6100D5187C /* ViewController.m */ = {isa = PBXFileReference; lastKnownFileType = sourcecode.c.objc; path = ViewController.m; sourceTree = "<group>"; };
		D896C1D81AF1CA6100D5187C /* Base */ = {isa = PBXFileReference; lastKnownFileType = file.storyboard; name = Base; path = Base.lproj/Main.storyboard; sourceTree = "<group>"; };
		D896C1DA1AF1CA6100D5187C /* Images.xcassets */ = {isa = PBXFileReference; lastKnownFileType = folder.assetcatalog; path = Images.xcassets; sourceTree = "<group>"; };
		D896C1DD1AF1CA6100D5187C /* Base */ = {isa = PBXFileReference; lastKnownFileType = file.xib; name = Base; path = Base.lproj/LaunchScreen.xib; sourceTree = "<group>"; };
		D896C1E31AF1CA6100D5187C /* BTSDemoTests.xctest */ = {isa = PBXFileReference; explicitFileType = wrapper.cfbundle; includeInIndex = 0; path = BTSDemoTests.xctest; sourceTree = BUILT_PRODUCTS_DIR; };
		D896C1E81AF1CA6100D5187C /* Info.plist */ = {isa = PBXFileReference; lastKnownFileType = text.plist.xml; path = Info.plist; sourceTree = "<group>"; };
		D896C1E91AF1CA6100D5187C /* BTSDemoTests.m */ = {isa = PBXFileReference; lastKnownFileType = sourcecode.c.objc; path = BTSDemoTests.m; sourceTree = "<group>"; };
		D896C1F31AF1CA7D00D5187C /* pause-25.png */ = {isa = PBXFileReference; lastKnownFileType = image.png; path = "pause-25.png"; sourceTree = "<group>"; };
		D896C1F41AF1CA7D00D5187C /* pause-50.png */ = {isa = PBXFileReference; lastKnownFileType = image.png; path = "pause-50.png"; sourceTree = "<group>"; };
		D896C1F51AF1CA7D00D5187C /* play-25.png */ = {isa = PBXFileReference; lastKnownFileType = image.png; path = "play-25.png"; sourceTree = "<group>"; };
		D896C1F61AF1CA7D00D5187C /* play-50.png */ = {isa = PBXFileReference; lastKnownFileType = image.png; path = "play-50.png"; sourceTree = "<group>"; };
		D896C1F71AF1CA7D00D5187C /* stop-25.png */ = {isa = PBXFileReference; lastKnownFileType = image.png; path = "stop-25.png"; sourceTree = "<group>"; };
		D896C1F81AF1CA7D00D5187C /* stop-50.png */ = {isa = PBXFileReference; lastKnownFileType = image.png; path = "stop-50.png"; sourceTree = "<group>"; };
		D896C2061AF1E67D00D5187C /* FileDownloadObject.h */ = {isa = PBXFileReference; fileEncoding = 4; lastKnownFileType = sourcecode.c.h; path = FileDownloadObject.h; sourceTree = "<group>"; };
		D896C2071AF1E67D00D5187C /* FileDownloadObject.m */ = {isa = PBXFileReference; fileEncoding = 4; lastKnownFileType = sourcecode.c.objc; path = FileDownloadObject.m; sourceTree = "<group>"; };
		D896C20A1AF1E9B300D5187C /* Constants.h */ = {isa = PBXFileReference; fileEncoding = 4; lastKnownFileType = sourcecode.c.h; path = Constants.h; sourceTree = "<group>"; };
/* End PBXFileReference section */

/* Begin PBXFrameworksBuildPhase section */
		D896C1C71AF1CA6100D5187C /* Frameworks */ = {
			isa = PBXFrameworksBuildPhase;
			buildActionMask = 2147483647;
			files = (
			);
			runOnlyForDeploymentPostprocessing = 0;
		};
		D896C1E01AF1CA6100D5187C /* Frameworks */ = {
			isa = PBXFrameworksBuildPhase;
			buildActionMask = 2147483647;
			files = (
			);
			runOnlyForDeploymentPostprocessing = 0;
		};
/* End PBXFrameworksBuildPhase section */

/* Begin PBXGroup section */
		D896C1C11AF1CA6100D5187C = {
			isa = PBXGroup;
			children = (
				D896C1CC1AF1CA6100D5187C /* BTSDemo */,
				D896C1E61AF1CA6100D5187C /* BTSDemoTests */,
				D896C1CB1AF1CA6100D5187C /* Products */,
			);
			sourceTree = "<group>";
		};
		D896C1CB1AF1CA6100D5187C /* Products */ = {
			isa = PBXGroup;
			children = (
				D896C1CA1AF1CA6100D5187C /* BTSDemo.app */,
				D896C1E31AF1CA6100D5187C /* BTSDemoTests.xctest */,
			);
			name = Products;
			sourceTree = "<group>";
		};
		D896C1CC1AF1CA6100D5187C /* BTSDemo */ = {
			isa = PBXGroup;
			children = (
				D896C1D11AF1CA6100D5187C /* AppDelegate.h */,
				D896C1D21AF1CA6100D5187C /* AppDelegate.m */,
				D896C20A1AF1E9B300D5187C /* Constants.h */,
				D896C1D41AF1CA6100D5187C /* ViewController.h */,
				D896C1D51AF1CA6100D5187C /* ViewController.m */,
				D896C1D71AF1CA6100D5187C /* Main.storyboard */,
				D896C2061AF1E67D00D5187C /* FileDownloadObject.h */,
				D896C2071AF1E67D00D5187C /* FileDownloadObject.m */,
				D896C1DA1AF1CA6100D5187C /* Images.xcassets */,
				D896C2051AF1CA8400D5187C /* Assets */,
				D896C1DC1AF1CA6100D5187C /* LaunchScreen.xib */,
				D896C1CD1AF1CA6100D5187C /* Supporting Files */,
			);
			path = BTSDemo;
			sourceTree = "<group>";
		};
		D896C1CD1AF1CA6100D5187C /* Supporting Files */ = {
			isa = PBXGroup;
			children = (
				D896C1CE1AF1CA6100D5187C /* Info.plist */,
				D896C1CF1AF1CA6100D5187C /* main.m */,
			);
			name = "Supporting Files";
			sourceTree = "<group>";
		};
		D896C1E61AF1CA6100D5187C /* BTSDemoTests */ = {
			isa = PBXGroup;
			children = (
				D896C1E91AF1CA6100D5187C /* BTSDemoTests.m */,
				D896C1E71AF1CA6100D5187C /* Supporting Files */,
			);
			path = BTSDemoTests;
			sourceTree = "<group>";
		};
		D896C1E71AF1CA6100D5187C /* Supporting Files */ = {
			isa = PBXGroup;
			children = (
				D896C1E81AF1CA6100D5187C /* Info.plist */,
			);
			name = "Supporting Files";
			sourceTree = "<group>";
		};
		D896C2051AF1CA8400D5187C /* Assets */ = {
			isa = PBXGroup;
			children = (
				D896C1F31AF1CA7D00D5187C /* pause-25.png */,
				D896C1F41AF1CA7D00D5187C /* pause-50.png */,
				D896C1F51AF1CA7D00D5187C /* play-25.png */,
				D896C1F61AF1CA7D00D5187C /* play-50.png */,
				D896C1F71AF1CA7D00D5187C /* stop-25.png */,
				D896C1F81AF1CA7D00D5187C /* stop-50.png */,
			);
			name = Assets;
			sourceTree = "<group>";
		};
/* End PBXGroup section */

/* Begin PBXNativeTarget section */
		D896C1C91AF1CA6100D5187C /* BTSDemo */ = {
			isa = PBXNativeTarget;
			buildConfigurationList = D896C1ED1AF1CA6100D5187C /* Build configuration list for PBXNativeTarget "BTSDemo" */;
			buildPhases = (
				D896C1C61AF1CA6100D5187C /* Sources */,
				D896C1C71AF1CA6100D5187C /* Frameworks */,
				D896C1C81AF1CA6100D5187C /* Resources */,
			);
			buildRules = (
			);
			dependencies = (
			);
			name = BTSDemo;
			productName = BTSDemo;
			productReference = D896C1CA1AF1CA6100D5187C /* BTSDemo.app */;
			productType = "com.apple.product-type.application";
		};
		D896C1E21AF1CA6100D5187C /* BTSDemoTests */ = {
			isa = PBXNativeTarget;
			buildConfigurationList = D896C1F01AF1CA6100D5187C /* Build configuration list for PBXNativeTarget "BTSDemoTests" */;
			buildPhases = (
				D896C1DF1AF1CA6100D5187C /* Sources */,
				D896C1E01AF1CA6100D5187C /* Frameworks */,
				D896C1E11AF1CA6100D5187C /* Resources */,
			);
			buildRules = (
			);
			dependencies = (
				D896C1E51AF1CA6100D5187C /* PBXTargetDependency */,
			);
			name = BTSDemoTests;
			productName = BTSDemoTests;
			productReference = D896C1E31AF1CA6100D5187C /* BTSDemoTests.xctest */;
			productType = "com.apple.product-type.bundle.unit-test";
		};
/* End PBXNativeTarget section */

/* Begin PBXProject section */
		D896C1C21AF1CA6100D5187C /* Project object */ = {
			isa = PBXProject;
			attributes = {
				LastUpgradeCheck = 0610;
				ORGANIZATIONNAME = "Abdoulaye Diallo";
				TargetAttributes = {
					D896C1C91AF1CA6100D5187C = {
						CreatedOnToolsVersion = 6.1.1;
						SystemCapabilities = {
							com.apple.BackgroundModes = {
								enabled = 1;
							};
						};
					};
					D896C1E21AF1CA6100D5187C = {
						CreatedOnToolsVersion = 6.1.1;
						TestTargetID = D896C1C91AF1CA6100D5187C;
					};
				};
			};
			buildConfigurationList = D896C1C51AF1CA6100D5187C /* Build configuration list for PBXProject "BTSDemo" */;
			compatibilityVersion = "Xcode 3.2";
			developmentRegion = English;
			hasScannedForEncodings = 0;
			knownRegions = (
				en,
				Base,
			);
			mainGroup = D896C1C11AF1CA6100D5187C;
			productRefGroup = D896C1CB1AF1CA6100D5187C /* Products */;
			projectDirPath = "";
			projectRoot = "";
			targets = (
				D896C1C91AF1CA6100D5187C /* BTSDemo */,
				D896C1E21AF1CA6100D5187C /* BTSDemoTests */,
			);
		};
/* End PBXProject section */

/* Begin PBXResourcesBuildPhase section */
		D896C1C81AF1CA6100D5187C /* Resources */ = {
			isa = PBXResourcesBuildPhase;
			buildActionMask = 2147483647;
			files = (
				D896C2011AF1CA7D00D5187C /* stop-25.png in Resources */,
				D896C1FF1AF1CA7D00D5187C /* play-50.png in Resources */,
				D896C1D91AF1CA6100D5187C /* Main.storyboard in Resources */,
				D896C1F91AF1CA7D00D5187C /* pause-25.png in Resources */,
				D896C1FD1AF1CA7D00D5187C /* play-25.png in Resources */,
				D896C2031AF1CA7D00D5187C /* stop-50.png in Resources */,
				D896C1FB1AF1CA7D00D5187C /* pause-50.png in Resources */,
				D896C1DE1AF1CA6100D5187C /* LaunchScreen.xib in Resources */,
				D896C1DB1AF1CA6100D5187C /* Images.xcassets in Resources */,
			);
			runOnlyForDeploymentPostprocessing = 0;
		};
		D896C1E11AF1CA6100D5187C /* Resources */ = {
			isa = PBXResourcesBuildPhase;
			buildActionMask = 2147483647;
			files = (
				D896C1FA1AF1CA7D00D5187C /* pause-25.png in Resources */,
				D896C1FC1AF1CA7D00D5187C /* pause-50.png in Resources */,
				D896C2041AF1CA7D00D5187C /* stop-50.png in Resources */,
				D896C2021AF1CA7D00D5187C /* stop-25.png in Resources */,
				D896C2001AF1CA7D00D5187C /* play-50.png in Resources */,
				D896C1FE1AF1CA7D00D5187C /* play-25.png in Resources */,
			);
			runOnlyForDeploymentPostprocessing = 0;
		};
/* End PBXResourcesBuildPhase section */

/* Begin PBXSourcesBuildPhase section */
		D896C1C61AF1CA6100D5187C /* Sources */ = {
			isa = PBXSourcesBuildPhase;
			buildActionMask = 2147483647;
			files = (
				D896C1D61AF1CA6100D5187C /* ViewController.m in Sources */,
				D896C1D31AF1CA6100D5187C /* AppDelegate.m in Sources */,
				D896C2081AF1E67D00D5187C /* FileDownloadObject.m in Sources */,
				D896C1D01AF1CA6100D5187C /* main.m in Sources */,
			);
			runOnlyForDeploymentPostprocessing = 0;
		};
		D896C1DF1AF1CA6100D5187C /* Sources */ = {
			isa = PBXSourcesBuildPhase;
			buildActionMask = 2147483647;
			files = (
				D896C2091AF1E67D00D5187C /* FileDownloadObject.m in Sources */,
				D896C1EA1AF1CA6100D5187C /* BTSDemoTests.m in Sources */,
			);
			runOnlyForDeploymentPostprocessing = 0;
		};
/* End PBXSourcesBuildPhase section */

/* Begin PBXTargetDependency section */
		D896C1E51AF1CA6100D5187C /* PBXTargetDependency */ = {
			isa = PBXTargetDependency;
			target = D896C1C91AF1CA6100D5187C /* BTSDemo */;
			targetProxy = D896C1E41AF1CA6100D5187C /* PBXContainerItemProxy */;
		};
/* End PBXTargetDependency section */

/* Begin PBXVariantGroup section */
		D896C1D71AF1CA6100D5187C /* Main.storyboard */ = {
			isa = PBXVariantGroup;
			children = (
				D896C1D81AF1CA6100D5187C /* Base */,
			);
			name = Main.storyboard;
			sourceTree = "<group>";
		};
		D896C1DC1AF1CA6100D5187C /* LaunchScreen.xib */ = {
			isa = PBXVariantGroup;
			children = (
				D896C1DD1AF1CA6100D5187C /* Base */,
			);
			name = LaunchScreen.xib;
			sourceTree = "<group>";
		};
/* End PBXVariantGroup section */

/* Begin XCBuildConfiguration section */
		D896C1EB1AF1CA6100D5187C /* Debug */ = {
			isa = XCBuildConfiguration;
			buildSettings = {
				ALWAYS_SEARCH_USER_PATHS = NO;
				CLANG_CXX_LANGUAGE_STANDARD = "gnu++0x";
				CLANG_CXX_LIBRARY = "libc++";
				CLANG_ENABLE_MODULES = YES;
				CLANG_ENABLE_OBJC_ARC = YES;
				CLANG_WARN_BOOL_CONVERSION = YES;
				CLANG_WARN_CONSTANT_CONVERSION = YES;
				CLANG_WARN_DIRECT_OBJC_ISA_USAGE = YES_ERROR;
				CLANG_WARN_EMPTY_BODY = YES;
				CLANG_WARN_ENUM_CONVERSION = YES;
				CLANG_WARN_INT_CONVERSION = YES;
				CLANG_WARN_OBJC_ROOT_CLASS = YES_ERROR;
				CLANG_WARN_UNREACHABLE_CODE = YES;
				CLANG_WARN__DUPLICATE_METHOD_MATCH = YES;
				"CODE_SIGN_IDENTITY[sdk=iphoneos*]" = "iPhone Developer";
				COPY_PHASE_STRIP = NO;
				ENABLE_STRICT_OBJC_MSGSEND = YES;
				GCC_C_LANGUAGE_STANDARD = gnu99;
				GCC_DYNAMIC_NO_PIC = NO;
				GCC_OPTIMIZATION_LEVEL = 0;
				GCC_PREPROCESSOR_DEFINITIONS = (
					"DEBUG=1",
					"$(inherited)",
				);
				GCC_SYMBOLS_PRIVATE_EXTERN = NO;
				GCC_WARN_64_TO_32_BIT_CONVERSION = YES;
				GCC_WARN_ABOUT_RETURN_TYPE = YES_ERROR;
				GCC_WARN_UNDECLARED_SELECTOR = YES;
				GCC_WARN_UNINITIALIZED_AUTOS = YES_AGGRESSIVE;
				GCC_WARN_UNUSED_FUNCTION = YES;
				GCC_WARN_UNUSED_VARIABLE = YES;
				IPHONEOS_DEPLOYMENT_TARGET = 8.1;
				MTL_ENABLE_DEBUG_INFO = YES;
				ONLY_ACTIVE_ARCH = YES;
				SDKROOT = iphoneos;
			};
			name = Debug;
		};
		D896C1EC1AF1CA6100D5187C /* Release */ = {
			isa = XCBuildConfiguration;
			buildSettings = {
				ALWAYS_SEARCH_USER_PATHS = NO;
				CLANG_CXX_LANGUAGE_STANDARD = "gnu++0x";
				CLANG_CXX_LIBRARY = "libc++";
				CLANG_ENABLE_MODULES = YES;
				CLANG_ENABLE_OBJC_ARC = YES;
				CLANG_WARN_BOOL_CONVERSION = YES;
				CLANG_WARN_CONSTANT_CONVERSION = YES;
				CLANG_WARN_DIRECT_OBJC_ISA_USAGE = YES_ERROR;
				CLANG_WARN_EMPTY_BODY = YES;
				CLANG_WARN_ENUM_CONVERSION = YES;
				CLANG_WARN_INT_CONVERSION = YES;
				CLANG_WARN_OBJC_ROOT_CLASS = YES_ERROR;
				CLANG_WARN_UNREACHABLE_CODE = YES;
				CLANG_WARN__DUPLICATE_METHOD_MATCH = YES;
				"CODE_SIGN_IDENTITY[sdk=iphoneos*]" = "iPhone Developer";
				COPY_PHASE_STRIP = YES;
				ENABLE_NS_ASSERTIONS = NO;
				ENABLE_STRICT_OBJC_MSGSEND = YES;
				GCC_C_LANGUAGE_STANDARD = gnu99;
				GCC_WARN_64_TO_32_BIT_CONVERSION = YES;
				GCC_WARN_ABOUT_RETURN_TYPE = YES_ERROR;
				GCC_WARN_UNDECLARED_SELECTOR = YES;
				GCC_WARN_UNINITIALIZED_AUTOS = YES_AGGRESSIVE;
				GCC_WARN_UNUSED_FUNCTION = YES;
				GCC_WARN_UNUSED_VARIABLE = YES;
				IPHONEOS_DEPLOYMENT_TARGET = 8.1;
				MTL_ENABLE_DEBUG_INFO = NO;
				SDKROOT = iphoneos;
				VALIDATE_PRODUCT = YES;
			};
			name = Release;
		};
		D896C1EE1AF1CA6100D5187C /* Debug */ = {
			isa = XCBuildConfiguration;
			buildSettings = {
				ASSETCATALOG_COMPILER_APPICON_NAME = AppIcon;
				INFOPLIST_FILE = BTSDemo/Info.plist;
				LD_RUNPATH_SEARCH_PATHS = "$(inherited) @executable_path/Frameworks";
				PRODUCT_NAME = "$(TARGET_NAME)";
			};
			name = Debug;
		};
		D896C1EF1AF1CA6100D5187C /* Release */ = {
			isa = XCBuildConfiguration;
			buildSettings = {
				ASSETCATALOG_COMPILER_APPICON_NAME = AppIcon;
				INFOPLIST_FILE = BTSDemo/Info.plist;
				LD_RUNPATH_SEARCH_PATHS = "$(inherited) @executable_path/Frameworks";
				PRODUCT_NAME = "$(TARGET_NAME)";
			};
			name = Release;
		};
		D896C1F11AF1CA6100D5187C /* Debug */ = {
			isa = XCBuildConfiguration;
			buildSettings = {
				BUNDLE_LOADER = "$(TEST_HOST)";
				FRAMEWORK_SEARCH_PATHS = (
					"$(SDKROOT)/Developer/Library/Frameworks",
					"$(inherited)",
				);
				GCC_PREPROCESSOR_DEFINITIONS = (
					"DEBUG=1",
					"$(inherited)",
				);
				INFOPLIST_FILE = BTSDemoTests/Info.plist;
				LD_RUNPATH_SEARCH_PATHS = "$(inherited) @executable_path/Frameworks @loader_path/Frameworks";
				PRODUCT_NAME = "$(TARGET_NAME)";
				TEST_HOST = "$(BUILT_PRODUCTS_DIR)/BTSDemo.app/BTSDemo";
			};
			name = Debug;
		};
		D896C1F21AF1CA6100D5187C /* Release */ = {
			isa = XCBuildConfiguration;
			buildSettings = {
				BUNDLE_LOADER = "$(TEST_HOST)";
				FRAMEWORK_SEARCH_PATHS = (
					"$(SDKROOT)/Developer/Library/Frameworks",
					"$(inherited)",
				);
				INFOPLIST_FILE = BTSDemoTests/Info.plist;
				LD_RUNPATH_SEARCH_PATHS = "$(inherited) @executable_path/Frameworks @loader_path/Frameworks";
				PRODUCT_NAME = "$(TARGET_NAME)";
				TEST_HOST = "$(BUILT_PRODUCTS_DIR)/BTSDemo.app/BTSDemo";
			};
			name = Release;
		};
/* End XCBuildConfiguration section */

/* Begin XCConfigurationList section */
		D896C1C51AF1CA6100D5187C /* Build configuration list for PBXProject "BTSDemo" */ = {
			isa = XCConfigurationList;
			buildConfigurations = (
				D896C1EB1AF1CA6100D5187C /* Debug */,
				D896C1EC1AF1CA6100D5187C /* Release */,
			);
			defaultConfigurationIsVisible = 0;
			defaultConfigurationName = Release;
		};
		D896C1ED1AF1CA6100D5187C /* Build configuration list for PBXNativeTarget "BTSDemo" */ = {
			isa = XCConfigurationList;
			buildConfigurations = (
				D896C1EE1AF1CA6100D5187C /* Debug */,
				D896C1EF1AF1CA6100D5187C /* Release */,
			);
			defaultConfigurationIsVisible = 0;
		};
		D896C1F01AF1CA6100D5187C /* Build configuration list for PBXNativeTarget "BTSDemoTests" */ = {
			isa = XCConfigurationList;
			buildConfigurations = (
				D896C1F11AF1CA6100D5187C /* Debug */,
				D896C1F21AF1CA6100D5187C /* Release */,
			);
			defaultConfigurationIsVisible = 0;
		};
/* End XCConfigurationList section */
	};
	rootObject = D896C1C21AF1CA6100D5187C /* Project object */;
}
